
Microsoft Visual Studio Solution File, Format Version 12.00
# Visual Studio Version 17
VisualStudioVersion = 17.7.34221.43
MinimumVisualStudioVersion = 10.0.40219.1
Project("{FAE04EC0-301F-11D3-BF4B-00C04F79EFBC}") = "PhoneBook", "PhoneBook\PhoneBook.csproj", "{697169F2-D15E-4C78-AD95-2A427956ED55}"
EndProject
Global
	GlobalSection(SolutionConfigurationPlatforms) = preSolution
		Debug|Any CPU = Debug|Any CPU
		Release|Any CPU = Release|Any CPU
	EndGlobalSection
	GlobalSection(ProjectConfigurationPlatforms) = postSolution
		{697169F2-D15E-4C78-AD95-2A427956ED55}.Debug|Any CPU.ActiveCfg = Debug|Any CPU
		{697169F2-D15E-4C78-AD95-2A427956ED55}.Debug|Any CPU.Build.0 = Debug|Any CPU
		{697169F2-D15E-4C78-AD95-2A427956ED55}.Release|Any CPU.ActiveCfg = Release|Any CPU
		{697169F2-D15E-4C78-AD95-2A427956ED55}.Release|Any CPU.Build.0 = Release|Any CPU
	EndGlobalSection
	GlobalSection(SolutionProperties) = preSolution
		HideSolutionNode = FALSE
	EndGlobalSection
	GlobalSection(ExtensibilityGlobals) = postSolution
		SolutionGuid = {C157B1F6-DF9E-42EB-877A-838B6314AECA}
	EndGlobalSection
EndGlobal
